
Microsoft Visual Studio Solution File, Format Version 12.00
# Visual Studio Version 17
VisualStudioVersion = 17.11.35219.272
MinimumVisualStudioVersion = 10.0.40219.1
Project("{FAE04EC0-301F-11D3-BF4B-00C04F79EFBC}") = "lr5", "lr5\lr5.csproj", "{7ECAAFF0-95DB-43AE-AFF3-2F0A2961A506}"
EndProject
Global
	GlobalSection(SolutionConfigurationPlatforms) = preSolution
		Debug|Any CPU = Debug|Any CPU
		Release|Any CPU = Release|Any CPU
	EndGlobalSection
	GlobalSection(ProjectConfigurationPlatforms) = postSolution
		{7ECAAFF0-95DB-43AE-AFF3-2F0A2961A506}.Debug|Any CPU.ActiveCfg = Debug|Any CPU
		{7ECAAFF0-95DB-43AE-AFF3-2F0A2961A506}.Debug|Any CPU.Build.0 = Debug|Any CPU
		{7ECAAFF0-95DB-43AE-AFF3-2F0A2961A506}.Release|Any CPU.ActiveCfg = Release|Any CPU
		{7ECAAFF0-95DB-43AE-AFF3-2F0A2961A506}.Release|Any CPU.Build.0 = Release|Any CPU
	EndGlobalSection
	GlobalSection(SolutionProperties) = preSolution
		HideSolutionNode = FALSE
	EndGlobalSection
	GlobalSection(ExtensibilityGlobals) = postSolution
		SolutionGuid = {20400C2F-A5BC-46C4-AF44-15FDB3E44B86}
	EndGlobalSection
EndGlobal
